
Microsoft Visual Studio Solution File, Format Version 12.00
# Visual Studio Version 17
VisualStudioVersion = 17.14.36212.18 d17.14
MinimumVisualStudioVersion = 10.0.40219.1
Project("{FAE04EC0-301F-11D3-BF4B-00C04F79EFBC}") = "3_PC13_4.3", "3_PC13_4.3.csproj", "{20ADF262-332F-49C3-BAE5-9FC261634D94}"
EndProject
Global
	GlobalSection(SolutionConfigurationPlatforms) = preSolution
		Debug|Any CPU = Debug|Any CPU
		Release|Any CPU = Release|Any CPU
	EndGlobalSection
	GlobalSection(ProjectConfigurationPlatforms) = postSolution
		{20ADF262-332F-49C3-BAE5-9FC261634D94}.Debug|Any CPU.ActiveCfg = Debug|Any CPU
		{20ADF262-332F-49C3-BAE5-9FC261634D94}.Debug|Any CPU.Build.0 = Debug|Any CPU
		{20ADF262-332F-49C3-BAE5-9FC261634D94}.Release|Any CPU.ActiveCfg = Release|Any CPU
		{20ADF262-332F-49C3-BAE5-9FC261634D94}.Release|Any CPU.Build.0 = Release|Any CPU
	EndGlobalSection
	GlobalSection(SolutionProperties) = preSolution
		HideSolutionNode = FALSE
	EndGlobalSection
	GlobalSection(ExtensibilityGlobals) = postSolution
		SolutionGuid = {73A17D2C-B307-428E-8AA7-62238F36939E}
	EndGlobalSection
EndGlobal
